{
  "name": "dfcc",
  "version": "1.0.1",
  "lockfileVersion": 2,
  "requires": true,
  "packages": {
    "": {
      "name": "dfcc",
      "version": "1.0.1",
      "license": "MIT",
      "dependencies": {
        "commander": "^15.0.0"
      },
      "bin": {
        "df-cc": "bin/dfcc.js"
      },
      "engines": {
        "node": ">=20"
      },
      "funding": {
        "url": "https://paypal.me/mrkruse"
      }
    },
    "node_modules/commander": {
      "version": "15.0.0",
      "resolved": "https://registry.npmjs.org/commander/-/commander-15.0.0.tgz",
      "integrity": "sha512-z67u4ZhzCL/Tydu1lJARtEZYWbWaN7oYLHbsuzocr6y4N6WZAagG3RQ4FW61V1/0+jImpj293XfrcYnd1qxtPg==",
      "engines": {
        "node": ">=22.12.0"
      }
    }
  },
  "dependencies": {
    "commander": {
      "version": "15.0.0",
      "resolved": "https://registry.npmjs.org/commander/-/commander-15.0.0.tgz",
      "integrity": "sha512-z67u4ZhzCL/Tydu1lJARtEZYWbWaN7oYLHbsuzocr6y4N6WZAagG3RQ4FW61V1/0+jImpj293XfrcYnd1qxtPg=="
    }
  }
}
